
Microsoft Visual Studio Solution File, Format Version 12.00
# Visual Studio Version 16
VisualStudioVersion = 16.0.32106.194
MinimumVisualStudioVersion = 10.0.40219.1
Project("{FAE04EC0-301F-11D3-BF4B-00C04F79EFBC}") = "Lab011", "Lab011.csproj", "{1887669B-B668-403A-8110-10DCB0B987DB}"
EndProject
Global
	GlobalSection(SolutionConfigurationPlatforms) = preSolution
		Debug|Any CPU = Debug|Any CPU
		Release|Any CPU = Release|Any CPU
	EndGlobalSection
	GlobalSection(ProjectConfigurationPlatforms) = postSolution
		{1887669B-B668-403A-8110-10DCB0B987DB}.Debug|Any CPU.ActiveCfg = Debug|Any CPU
		{1887669B-B668-403A-8110-10DCB0B987DB}.Debug|Any CPU.Build.0 = Debug|Any CPU
		{1887669B-B668-403A-8110-10DCB0B987DB}.Release|Any CPU.ActiveCfg = Release|Any CPU
		{1887669B-B668-403A-8110-10DCB0B987DB}.Release|Any CPU.Build.0 = Release|Any CPU
	EndGlobalSection
	GlobalSection(SolutionProperties) = preSolution
		HideSolutionNode = FALSE
	EndGlobalSection
	GlobalSection(ExtensibilityGlobals) = postSolution
		SolutionGuid = {6E2DC781-964E-49AA-A9F8-ACA526F9C5F5}
	EndGlobalSection
EndGlobal
